
Microsoft Visual Studio Solution File, Format Version 12.00
# Visual Studio 15
VisualStudioVersion = 15.0.28307.102
MinimumVisualStudioVersion = 10.0.40219.1
Project("{9A19103F-16F7-4668-BE54-9A1E7A4F7556}") = "HelloDotNet", "HelloDotNet\HelloDotNet.csproj", "{3487A804-0FFE-4C0D-884A-CE08A8411AC3}"
EndProject
Project("{FAE04EC0-301F-11D3-BF4B-00C04F79EFBC}") = "HelloDotNetTest", "HelloDotNetTest\HelloDotNetTest.csproj", "{49FB00DE-912E-4051-885A-ACB122384F57}"
EndProject
Global
	GlobalSection(SolutionConfigurationPlatforms) = preSolution
		Debug|Any CPU = Debug|Any CPU
		Release|Any CPU = Release|Any CPU
	EndGlobalSection
	GlobalSection(ProjectConfigurationPlatforms) = postSolution
		{3487A804-0FFE-4C0D-884A-CE08A8411AC3}.Debug|Any CPU.ActiveCfg = Debug|Any CPU
		{3487A804-0FFE-4C0D-884A-CE08A8411AC3}.Debug|Any CPU.Build.0 = Debug|Any CPU
		{3487A804-0FFE-4C0D-884A-CE08A8411AC3}.Release|Any CPU.ActiveCfg = Release|Any CPU
		{3487A804-0FFE-4C0D-884A-CE08A8411AC3}.Release|Any CPU.Build.0 = Release|Any CPU
		{49FB00DE-912E-4051-885A-ACB122384F57}.Debug|Any CPU.ActiveCfg = Debug|Any CPU
		{49FB00DE-912E-4051-885A-ACB122384F57}.Debug|Any CPU.Build.0 = Debug|Any CPU
		{49FB00DE-912E-4051-885A-ACB122384F57}.Release|Any CPU.ActiveCfg = Release|Any CPU
		{49FB00DE-912E-4051-885A-ACB122384F57}.Release|Any CPU.Build.0 = Release|Any CPU
	EndGlobalSection
	GlobalSection(SolutionProperties) = preSolution
		HideSolutionNode = FALSE
	EndGlobalSection
	GlobalSection(ExtensibilityGlobals) = postSolution
		SolutionGuid = {0F3381DE-FEA9-417D-9984-E7588BB5ADB4}
	EndGlobalSection
EndGlobal
